<?xml version="1.0" encoding="utf-8"?>
<Project ToolsVersion="4.0" xmlns="http://schemas.microsoft.com/developer/msbuild/2003">
  <ItemGroup>
    <ClCompile Include="Character.cpp" />
    <ClCompile Include="GameManager.cpp">
      <Filter>Core</Filter>
    </ClCompile>
    <ClCompile Include="Main.cpp">
      <Filter>Core</Filter>
    </ClCompile>
    <ClCompile Include="Timer.cpp">
      <Filter>Core</Filter>
    </ClCompile>
    <ClCompile Include="Window.cpp">
      <Filter>Core</Filter>
    </ClCompile>
    <ClCompile Include="Scene1.cpp">
      <Filter>Scenes</Filter>
    </ClCompile>
    <ClCompile Include="Steering\SteeringOutput.cpp">
      <Filter>Steering</Filter>
    </ClCompile>
    <ClCompile Include="PlayerBody.cpp">
      <Filter>Bodies</Filter>
    </ClCompile>
    <ClCompile Include="Steering\KinematicBody.cpp">
      <Filter>Bodies</Filter>
    </ClCompile>
    <ClCompile Include="Body.cpp">
      <Filter>Bodies</Filter>
    </ClCompile>
    <ClCompile Include="Seek.cpp">
      <Filter>Steering</Filter>
    </ClCompile>
  </ItemGroup>
  <ItemGroup>
    <ClInclude Include="Character.h" />
    <ClInclude Include="GameManager.h">
      <Filter>Core</Filter>
    </ClInclude>
    <ClInclude Include="Scene.h">
      <Filter>Core</Filter>
    </ClInclude>
    <ClInclude Include="Timer.h">
      <Filter>Core</Filter>
    </ClInclude>
    <ClInclude Include="Window.h">
      <Filter>Core</Filter>
    </ClInclude>
    <ClInclude Include="Scene1.h">
      <Filter>Scenes</Filter>
    </ClInclude>
    <ClInclude Include="Steering\SteeringOutput.h">
      <Filter>Steering</Filter>
    </ClInclude>
    <ClInclude Include="SteeringBehaviour.h">
      <Filter>Steering</Filter>
    </ClInclude>
    <ClInclude Include="PlayerBody.h">
      <Filter>Bodies</Filter>
    </ClInclude>
    <ClInclude Include="Steering\KinematicBody.h">
      <Filter>Bodies</Filter>
    </ClInclude>
    <ClInclude Include="Body.h">
      <Filter>Bodies</Filter>
    </ClInclude>
    <ClInclude Include="Seek.h">
      <Filter>Steering</Filter>
    </ClInclude>
  </ItemGroup>
  <ItemGroup>
    <Filter Include="Core">
      <UniqueIdentifier>{6b0fb566-3178-4696-a0c4-31df95806bca}</UniqueIdentifier>
    </Filter>
    <Filter Include="Scenes">
      <UniqueIdentifier>{fcacb215-0da7-46aa-b398-8ee6dd622aa3}</UniqueIdentifier>
    </Filter>
    <Filter Include="Steering">
      <UniqueIdentifier>{ae6cb1d2-1b49-432b-a9e5-3b1a9c0390c3}</UniqueIdentifier>
    </Filter>
    <Filter Include="Bodies">
      <UniqueIdentifier>{833a2e4a-4fb8-4beb-8d72-c6567f42e7b2}</UniqueIdentifier>
    </Filter>
  </ItemGroup>
</Project>